
Microsoft Visual Studio Solution File, Format Version 12.00
# Visual Studio Version 16
VisualStudioVersion = 16.0.32228.343
MinimumVisualStudioVersion = 10.0.40219.1
Project("{FAE04EC0-301F-11D3-BF4B-00C04F79EFBC}") = "Entidades", "Entidades\Entidades.csproj", "{BC101252-9FE1-495D-BAF8-B19A150A9F78}"
EndProject
Project("{FAE04EC0-301F-11D3-BF4B-00C04F79EFBC}") = "MiCalculadora", "MiCalculadora\MiCalculadora.csproj", "{06707074-73BD-487E-8B70-02C9EE00037B}"
EndProject
Global
	GlobalSection(SolutionConfigurationPlatforms) = preSolution
		Debug|Any CPU = Debug|Any CPU
		Release|Any CPU = Release|Any CPU
	EndGlobalSection
	GlobalSection(ProjectConfigurationPlatforms) = postSolution
		{BC101252-9FE1-495D-BAF8-B19A150A9F78}.Debug|Any CPU.ActiveCfg = Debug|Any CPU
		{BC101252-9FE1-495D-BAF8-B19A150A9F78}.Debug|Any CPU.Build.0 = Debug|Any CPU
		{BC101252-9FE1-495D-BAF8-B19A150A9F78}.Release|Any CPU.ActiveCfg = Release|Any CPU
		{BC101252-9FE1-495D-BAF8-B19A150A9F78}.Release|Any CPU.Build.0 = Release|Any CPU
		{06707074-73BD-487E-8B70-02C9EE00037B}.Debug|Any CPU.ActiveCfg = Debug|Any CPU
		{06707074-73BD-487E-8B70-02C9EE00037B}.Debug|Any CPU.Build.0 = Debug|Any CPU
		{06707074-73BD-487E-8B70-02C9EE00037B}.Release|Any CPU.ActiveCfg = Release|Any CPU
		{06707074-73BD-487E-8B70-02C9EE00037B}.Release|Any CPU.Build.0 = Release|Any CPU
	EndGlobalSection
	GlobalSection(SolutionProperties) = preSolution
		HideSolutionNode = FALSE
	EndGlobalSection
	GlobalSection(ExtensibilityGlobals) = postSolution
		SolutionGuid = {F28FAE91-93E7-41B3-915B-5ADB01B651D3}
	EndGlobalSection
EndGlobal
